
Microsoft Visual Studio Solution File, Format Version 12.00
# Visual Studio Version 17
VisualStudioVersion = 17.0.31903.59
MinimumVisualStudioVersion = 10.0.40219.1
Project("{2150E333-8FDC-42A3-9474-1A3956D46DE8}") = "src", "src", "{B0C51008-E6C7-4160-98B2-0820E6C52493}"
EndProject
Project("{FAE04EC0-301F-11D3-BF4B-00C04F79EFBC}") = "BusinessToolsSuite.Core", "src\BusinessToolsSuite.Core\BusinessToolsSuite.Core.csproj", "{10B1909A-0341-4AF8-8332-20E18B221A0A}"
EndProject
Project("{FAE04EC0-301F-11D3-BF4B-00C04F79EFBC}") = "BusinessToolsSuite.Infrastructure", "src\BusinessToolsSuite.Infrastructure\BusinessToolsSuite.Infrastructure.csproj", "{68953D75-6414-4C93-BF05-BE59BE40BA62}"
EndProject
Project("{FAE04EC0-301F-11D3-BF4B-00C04F79EFBC}") = "BusinessToolsSuite.Shared", "src\BusinessToolsSuite.Shared\BusinessToolsSuite.Shared.csproj", "{5A8535BD-477F-4AD0-9F85-9F8E65FBB175}"
EndProject
Project("{FAE04EC0-301F-11D3-BF4B-00C04F79EFBC}") = "BusinessToolsSuite.Desktop", "src\BusinessToolsSuite.Desktop\BusinessToolsSuite.Desktop.csproj", "{7C5BC00D-A55C-4F41-95EF-7655F7EE7863}"
EndProject
Project("{2150E333-8FDC-42A3-9474-1A3956D46DE8}") = "Features", "Features", "{AA16C2CD-2F96-4B69-9294-8F60A0A70505}"
EndProject
Project("{FAE04EC0-301F-11D3-BF4B-00C04F79EFBC}") = "BusinessToolsSuite.Features.ExpireWise", "src\Features\BusinessToolsSuite.Features.ExpireWise\BusinessToolsSuite.Features.ExpireWise.csproj", "{6206A483-97B4-4B42-B86D-3BF2E310253D}"
EndProject
Project("{FAE04EC0-301F-11D3-BF4B-00C04F79EFBC}") = "BusinessToolsSuite.Features.AllocationBuddy", "src\Features\BusinessToolsSuite.Features.AllocationBuddy\BusinessToolsSuite.Features.AllocationBuddy.csproj", "{8BB5CAEE-C432-417D-A7FA-952F32154461}"
EndProject
Project("{FAE04EC0-301F-11D3-BF4B-00C04F79EFBC}") = "BusinessToolsSuite.Features.EssentialsBuddy", "src\Features\BusinessToolsSuite.Features.EssentialsBuddy\BusinessToolsSuite.Features.EssentialsBuddy.csproj", "{3E2449DE-B591-4C53-B76C-3FA688D7EDF3}"
EndProject
Project("{2150E333-8FDC-42A3-9474-1A3956D46DE8}") = "tests", "tests", "{F5521775-7576-4206-B63D-4A686D449465}"
EndProject
Project("{FAE04EC0-301F-11D3-BF4B-00C04F79EFBC}") = "BusinessToolsSuite.UnitTests", "tests\BusinessToolsSuite.UnitTests\BusinessToolsSuite.UnitTests.csproj", "{3756A897-798C-4CBA-933D-9F1D8EF081A4}"
EndProject
Global
	GlobalSection(SolutionConfigurationPlatforms) = preSolution
		Debug|Any CPU = Debug|Any CPU
		Release|Any CPU = Release|Any CPU
	EndGlobalSection
	GlobalSection(SolutionProperties) = preSolution
		HideSolutionNode = FALSE
	EndGlobalSection
	GlobalSection(ProjectConfigurationPlatforms) = postSolution
		{10B1909A-0341-4AF8-8332-20E18B221A0A}.Debug|Any CPU.ActiveCfg = Debug|Any CPU
		{10B1909A-0341-4AF8-8332-20E18B221A0A}.Debug|Any CPU.Build.0 = Debug|Any CPU
		{10B1909A-0341-4AF8-8332-20E18B221A0A}.Release|Any CPU.ActiveCfg = Release|Any CPU
		{10B1909A-0341-4AF8-8332-20E18B221A0A}.Release|Any CPU.Build.0 = Release|Any CPU
		{68953D75-6414-4C93-BF05-BE59BE40BA62}.Debug|Any CPU.ActiveCfg = Debug|Any CPU
		{68953D75-6414-4C93-BF05-BE59BE40BA62}.Debug|Any CPU.Build.0 = Debug|Any CPU
		{68953D75-6414-4C93-BF05-BE59BE40BA62}.Release|Any CPU.ActiveCfg = Release|Any CPU
		{68953D75-6414-4C93-BF05-BE59BE40BA62}.Release|Any CPU.Build.0 = Release|Any CPU
		{5A8535BD-477F-4AD0-9F85-9F8E65FBB175}.Debug|Any CPU.ActiveCfg = Debug|Any CPU
		{5A8535BD-477F-4AD0-9F85-9F8E65FBB175}.Debug|Any CPU.Build.0 = Debug|Any CPU
		{5A8535BD-477F-4AD0-9F85-9F8E65FBB175}.Release|Any CPU.ActiveCfg = Release|Any CPU
		{5A8535BD-477F-4AD0-9F85-9F8E65FBB175}.Release|Any CPU.Build.0 = Release|Any CPU
		{7C5BC00D-A55C-4F41-95EF-7655F7EE7863}.Debug|Any CPU.ActiveCfg = Debug|Any CPU
		{7C5BC00D-A55C-4F41-95EF-7655F7EE7863}.Debug|Any CPU.Build.0 = Debug|Any CPU
		{7C5BC00D-A55C-4F41-95EF-7655F7EE7863}.Release|Any CPU.ActiveCfg = Release|Any CPU
		{7C5BC00D-A55C-4F41-95EF-7655F7EE7863}.Release|Any CPU.Build.0 = Release|Any CPU
		{6206A483-97B4-4B42-B86D-3BF2E310253D}.Debug|Any CPU.ActiveCfg = Debug|Any CPU
		{6206A483-97B4-4B42-B86D-3BF2E310253D}.Debug|Any CPU.Build.0 = Debug|Any CPU
		{6206A483-97B4-4B42-B86D-3BF2E310253D}.Release|Any CPU.ActiveCfg = Release|Any CPU
		{6206A483-97B4-4B42-B86D-3BF2E310253D}.Release|Any CPU.Build.0 = Release|Any CPU
		{8BB5CAEE-C432-417D-A7FA-952F32154461}.Debug|Any CPU.ActiveCfg = Debug|Any CPU
		{8BB5CAEE-C432-417D-A7FA-952F32154461}.Debug|Any CPU.Build.0 = Debug|Any CPU
		{8BB5CAEE-C432-417D-A7FA-952F32154461}.Release|Any CPU.ActiveCfg = Release|Any CPU
		{8BB5CAEE-C432-417D-A7FA-952F32154461}.Release|Any CPU.Build.0 = Release|Any CPU
		{3E2449DE-B591-4C53-B76C-3FA688D7EDF3}.Debug|Any CPU.ActiveCfg = Debug|Any CPU
		{3E2449DE-B591-4C53-B76C-3FA688D7EDF3}.Debug|Any CPU.Build.0 = Debug|Any CPU
		{3E2449DE-B591-4C53-B76C-3FA688D7EDF3}.Release|Any CPU.ActiveCfg = Release|Any CPU
		{3E2449DE-B591-4C53-B76C-3FA688D7EDF3}.Release|Any CPU.Build.0 = Release|Any CPU
		{3756A897-798C-4CBA-933D-9F1D8EF081A4}.Debug|Any CPU.ActiveCfg = Debug|Any CPU
		{3756A897-798C-4CBA-933D-9F1D8EF081A4}.Debug|Any CPU.Build.0 = Debug|Any CPU
		{3756A897-798C-4CBA-933D-9F1D8EF081A4}.Release|Any CPU.ActiveCfg = Release|Any CPU
		{3756A897-798C-4CBA-933D-9F1D8EF081A4}.Release|Any CPU.Build.0 = Release|Any CPU
	EndGlobalSection
	GlobalSection(NestedProjects) = preSolution
		{10B1909A-0341-4AF8-8332-20E18B221A0A} = {B0C51008-E6C7-4160-98B2-0820E6C52493}
		{68953D75-6414-4C93-BF05-BE59BE40BA62} = {B0C51008-E6C7-4160-98B2-0820E6C52493}
		{5A8535BD-477F-4AD0-9F85-9F8E65FBB175} = {B0C51008-E6C7-4160-98B2-0820E6C52493}
		{7C5BC00D-A55C-4F41-95EF-7655F7EE7863} = {B0C51008-E6C7-4160-98B2-0820E6C52493}
		{AA16C2CD-2F96-4B69-9294-8F60A0A70505} = {B0C51008-E6C7-4160-98B2-0820E6C52493}
		{6206A483-97B4-4B42-B86D-3BF2E310253D} = {AA16C2CD-2F96-4B69-9294-8F60A0A70505}
		{8BB5CAEE-C432-417D-A7FA-952F32154461} = {AA16C2CD-2F96-4B69-9294-8F60A0A70505}
		{3E2449DE-B591-4C53-B76C-3FA688D7EDF3} = {AA16C2CD-2F96-4B69-9294-8F60A0A70505}
		{3756A897-798C-4CBA-933D-9F1D8EF081A4} = {F5521775-7576-4206-B63D-4A686D449465}
	EndGlobalSection
EndGlobal
